
Microsoft Visual Studio Solution File, Format Version 12.00
# Visual Studio Version 17
VisualStudioVersion = 17.13.35931.197 d17.13
MinimumVisualStudioVersion = 10.0.40219.1
Project("{FAE04EC0-301F-11D3-BF4B-00C04F79EFBC}") = "WebApplication8", "WebApplication8\WebApplication8.csproj", "{5D557D83-58A2-40C2-9841-81C4CE76C770}"
EndProject
Global
	GlobalSection(SolutionConfigurationPlatforms) = preSolution
		Debug|Any CPU = Debug|Any CPU
		Release|Any CPU = Release|Any CPU
	EndGlobalSection
	GlobalSection(ProjectConfigurationPlatforms) = postSolution
		{5D557D83-58A2-40C2-9841-81C4CE76C770}.Debug|Any CPU.ActiveCfg = Debug|Any CPU
		{5D557D83-58A2-40C2-9841-81C4CE76C770}.Debug|Any CPU.Build.0 = Debug|Any CPU
		{5D557D83-58A2-40C2-9841-81C4CE76C770}.Release|Any CPU.ActiveCfg = Release|Any CPU
		{5D557D83-58A2-40C2-9841-81C4CE76C770}.Release|Any CPU.Build.0 = Release|Any CPU
	EndGlobalSection
	GlobalSection(SolutionProperties) = preSolution
		HideSolutionNode = FALSE
	EndGlobalSection
	GlobalSection(ExtensibilityGlobals) = postSolution
		SolutionGuid = {1BDE3F02-D5B1-46A2-930D-3C095AA54484}
	EndGlobalSection
EndGlobal
